
Microsoft Visual Studio Solution File, Format Version 12.00
# Visual Studio 15
VisualStudioVersion = 15.0.27130.0
MinimumVisualStudioVersion = 10.0.40219.1
Project("{8BC9CEB8-8B4A-11D0-8D11-00A0C91BC942}") = "mt4-websockets", "mt4-websockets\mt4-websockets.vcxproj", "{7359E8DF-CF85-409D-833B-3B66F8DAC462}"
EndProject
Global
	GlobalSection(SolutionConfigurationPlatforms) = preSolution
		Debug|x64 = Debug|x64
		Debug|x86 = Debug|x86
		Release|x64 = Release|x64
		Release|x86 = Release|x86
	EndGlobalSection
	GlobalSection(ProjectConfigurationPlatforms) = postSolution
		{7359E8DF-CF85-409D-833B-3B66F8DAC462}.Debug|x64.ActiveCfg = Debug|x64
		{7359E8DF-CF85-409D-833B-3B66F8DAC462}.Debug|x64.Build.0 = Debug|x64
		{7359E8DF-CF85-409D-833B-3B66F8DAC462}.Debug|x86.ActiveCfg = Debug|Win32
		{7359E8DF-CF85-409D-833B-3B66F8DAC462}.Debug|x86.Build.0 = Debug|Win32
		{7359E8DF-CF85-409D-833B-3B66F8DAC462}.Release|x64.ActiveCfg = Release|x64
		{7359E8DF-CF85-409D-833B-3B66F8DAC462}.Release|x64.Build.0 = Release|x64
		{7359E8DF-CF85-409D-833B-3B66F8DAC462}.Release|x86.ActiveCfg = Release|Win32
		{7359E8DF-CF85-409D-833B-3B66F8DAC462}.Release|x86.Build.0 = Release|Win32
	EndGlobalSection
	GlobalSection(SolutionProperties) = preSolution
		HideSolutionNode = FALSE
	EndGlobalSection
	GlobalSection(ExtensibilityGlobals) = postSolution
		SolutionGuid = {08964258-A61B-48D7-9E07-0818CDD29B8B}
	EndGlobalSection
EndGlobal
